{
  "version": 4,
  "terraform_version": "0.13.2",
  "serial": 2,
  "lineage": "3688ddfe-caa9-19c0-a52b-a29428ce402d",
  "outputs": {
    "droplet_limit": {
      "value": 50,
      "type": "number"
    },
    "price_monthly": {
      "value": [
        5
      ],
      "type": [
        "tuple",
        [
          "number"
        ]
      ]
    },
    "server_ip": {
      "value": [
        "157.230.95.3"
      ],
      "type": [
        "tuple",
        [
          "string"
        ]
      ]
    }
  },
  "resources": [
    {
      "mode": "data",
      "type": "digitalocean_account",
      "name": "account_info",
      "provider": "provider[\"registry.terraform.io/digitalocean/digitalocean\"]",
      "instances": [
        {
          "schema_version": 0,
          "attributes": {
            "droplet_limit": 50,
            "email": "jdardon@knights.ucf.edu",
            "email_verified": true,
            "floating_ip_limit": 3,
            "id": "26e06590-6257-4915-a586-121050d0d4f1",
            "status": "active",
            "status_message": "",
            "uuid": "26e06590-6257-4915-a586-121050d0d4f1"
          }
        }
      ]
    },
    {
      "mode": "data",
      "type": "digitalocean_ssh_key",
      "name": "key",
      "provider": "provider[\"registry.terraform.io/digitalocean/digitalocean\"]",
      "instances": [
        {
          "schema_version": 0,
          "attributes": {
            "fingerprint": "9a:e3:fe:10:5f:89:39:3f:6f:07:10:80:e0:3e:a3:cb",
            "id": "28429701",
            "name": "key",
            "public_key": "ssh-rsa AAAAB3NzaC1yc2EAAAADAQABAAABAQC23qmEjGDosNunWTnxGLL701uG1LVevClJ+esse+TooorX4gVwN9ikvtMUgeZaQ/SwlGGWY0f3cBBvtRTrsgUY/T9OFUUFA09586te16hAgQCGx7d/en8/F2CgzSB1JIwHRH/03uSXp11LYSKkeZ1cnId9fpj7dSOZMphqY3XbE2sn5td0ZMONaDek75Hvespx0oEzi3uIa66mELFet5qLq0jRcVVKXZvpQcx+F6nzC4KC3G2Zr6sZIQRzPvOs0WyJ5JGEMWvLJugFCdLiWMAUJGiDRqvAkxU9SfnMJckbFiZ9loe6reSbFSPZQAjd8ciNSU+3QfOzPpTGvy8f1/N3 danscap@MERNSITE"
          }
        }
      ]
    },
    {
      "mode": "managed",
      "type": "digitalocean_droplet",
      "name": "web",
      "provider": "provider[\"registry.terraform.io/digitalocean/digitalocean\"]",
      "instances": [
        {
          "index_key": 0,
          "schema_version": 1,
          "attributes": {
            "backups": false,
            "created_at": "2020-09-30T15:32:09Z",
            "disk": 25,
            "id": "210025618",
            "image": "ubuntu-18-04-x64",
            "ipv4_address": "157.230.95.3",
            "ipv4_address_private": "",
            "ipv6": false,
            "ipv6_address": "",
            "ipv6_address_private": null,
            "locked": false,
            "memory": 1024,
            "monitoring": false,
            "name": "web-nyc1-1",
            "price_hourly": 0.00744,
            "price_monthly": 5,
            "private_networking": false,
            "region": "nyc1",
            "resize_disk": true,
            "size": "s-1vcpu-1gb",
            "ssh_keys": [
              "9a:e3:fe:10:5f:89:39:3f:6f:07:10:80:e0:3e:a3:cb"
            ],
            "status": "active",
            "tags": null,
            "urn": "do:droplet:210025618",
            "user_data": null,
            "vcpus": 1,
            "volume_ids": [],
            "vpc_uuid": ""
          },
          "private": "eyJzY2hlbWFfdmVyc2lvbiI6IjEifQ==",
          "dependencies": [
            "data.digitalocean_ssh_key.key"
          ],
          "create_before_destroy": true
        }
      ]
    }
  ]
}
