{
  "version": 4,
  "terraform_version": "0.13.2",
  "serial": 169,
  "lineage": "a5c4326c-0294-4f83-00e5-f768432d1677",
  "outputs": {
    "database_server_ips": {
      "value": [
        "116.203.152.222"
      ],
      "type": [
        "tuple",
        [
          "string"
        ]
      ]
    },
    "database_servers_status": {
      "value": [
        "running"
      ],
      "type": [
        "tuple",
        [
          "string"
        ]
      ]
    },
    "node_server_ip": {
      "value": [
        "94.130.182.2"
      ],
      "type": [
        "tuple",
        [
          "string"
        ]
      ]
    },
    "node_servers_status": {
      "value": [
        "running"
      ],
      "type": [
        "tuple",
        [
          "string"
        ]
      ]
    }
  },
  "resources": [
    {
      "mode": "data",
      "type": "hcloud_ssh_key",
      "name": "ssh_key",
      "provider": "provider[\"registry.terraform.io/hetznercloud/hcloud\"]",
      "instances": [
        {
          "schema_version": 0,
          "attributes": {
            "fingerprint": "08:4e:95:f0:3c:12:3f:ee:a9:c0:98:e9:3f:e8:ab:44",
            "id": 2232997,
            "labels": {},
            "name": "danscap@MERNSITE",
            "public_key": "ssh-rsa AAAAB3NzaC1yc2EAAAADAQABAAABAQDGT7OLgFmh7bLiIeTIWGxf1ucjvrsEtqf7KZyqwOvcwafFCPaofZ5yYjbkyftCO9eA/jQAErdsR6BMKg+zXNxeUOsgGFqS4uBGK8AGohMAnw1iXF9eggIbc0GGXy1MohWzSSTQCYxqiWh/9KV/oooXOvZJK0bZYqe6UsjUgaNks7xtb4xRmVfUYX3VlxrcjvofkxdkGrC8VtIwlS9Pm5vEzalyBLO86xYhnUXCONRP0BqyDfIKWH4TzO78AtSxRRZ5q9RuZEi74JjkdT5/qM5vcG6OnQzyBhCHA7vc5FgpAhniU77m6koedGchfLaCrnFSEq3zm/+LwMzaEmZ36Z1v danscap@MERNSITE",
            "selector": null,
            "with_selector": null
          }
        }
      ]
    },
    {
      "mode": "managed",
      "type": "hcloud_network",
      "name": "net",
      "provider": "provider[\"registry.terraform.io/hetznercloud/hcloud\"]",
      "instances": [
        {
          "schema_version": 0,
          "attributes": {
            "id": "979625",
            "ip_range": "10.0.0.0/8",
            "labels": {},
            "name": "net"
          },
          "private": "bnVsbA=="
        }
      ]
    },
    {
      "mode": "managed",
      "type": "hcloud_network_subnet",
      "name": "mysubnet",
      "provider": "provider[\"registry.terraform.io/hetznercloud/hcloud\"]",
      "instances": [
        {
          "schema_version": 0,
          "attributes": {
            "gateway": "10.0.0.1",
            "id": "979625-10.0.1.0/24",
            "ip_range": "10.0.1.0/24",
            "network_id": 979625,
            "network_zone": "eu-central",
            "type": "cloud"
          },
          "private": "bnVsbA==",
          "dependencies": [
            "hcloud_network.net"
          ]
        }
      ]
    },
    {
      "mode": "managed",
      "type": "hcloud_server",
      "name": "database_web",
      "provider": "provider[\"registry.terraform.io/hetznercloud/hcloud\"]",
      "instances": [
        {
          "index_key": 0,
          "schema_version": 0,
          "attributes": {
            "backup_window": "",
            "backups": false,
            "datacenter": "nbg1-dc3",
            "id": "9039323",
            "image": "ubuntu-18.04",
            "ipv4_address": "116.203.152.222",
            "ipv6_address": "2a01:4f8:c2c:40d5::1",
            "ipv6_network": "2a01:4f8:c2c:40d5::/64",
            "iso": null,
            "keep_disk": false,
            "labels": {},
            "location": "nbg1",
            "name": "databaseweb-nbg1-1",
            "rescue": null,
            "server_type": "cpx11",
            "ssh_keys": [
              "2232997"
            ],
            "status": "running",
            "user_data": null
          },
          "private": "bnVsbA==",
          "dependencies": [
            "data.hcloud_ssh_key.ssh_key"
          ],
          "create_before_destroy": true
        }
      ]
    },
    {
      "mode": "managed",
      "type": "hcloud_server",
      "name": "node_web",
      "provider": "provider[\"registry.terraform.io/hetznercloud/hcloud\"]",
      "instances": [
        {
          "index_key": 0,
          "schema_version": 0,
          "attributes": {
            "backup_window": "",
            "backups": false,
            "datacenter": "nbg1-dc3",
            "id": "9039322",
            "image": "ubuntu-18.04",
            "ipv4_address": "94.130.182.2",
            "ipv6_address": "2a01:4f8:c0c:ba82::1",
            "ipv6_network": "2a01:4f8:c0c:ba82::/64",
            "iso": null,
            "keep_disk": false,
            "labels": {},
            "location": "nbg1",
            "name": "nodeweb-nbg1-1",
            "rescue": null,
            "server_type": "cpx11",
            "ssh_keys": [
              "2232997"
            ],
            "status": "running",
            "user_data": null
          },
          "private": "bnVsbA==",
          "dependencies": [
            "data.hcloud_ssh_key.ssh_key"
          ],
          "create_before_destroy": true
        }
      ]
    },
    {
      "mode": "managed",
      "type": "hcloud_server_network",
      "name": "dbservernetwork",
      "provider": "provider[\"registry.terraform.io/hetznercloud/hcloud\"]",
      "instances": [
        {
          "index_key": 0,
          "schema_version": 0,
          "attributes": {
            "alias_ips": [],
            "id": "9039323-979625",
            "ip": "10.0.1.1",
            "mac_address": "86:00:00:88:3d:3a",
            "network_id": 979625,
            "server_id": 9039323,
            "subnet_id": null
          },
          "private": "bnVsbA==",
          "dependencies": [
            "hcloud_network_subnet.mysubnet",
            "hcloud_server.database_web"
          ]
        }
      ]
    },
    {
      "mode": "managed",
      "type": "hcloud_server_network",
      "name": "nodeservernetwork",
      "provider": "provider[\"registry.terraform.io/hetznercloud/hcloud\"]",
      "instances": [
        {
          "index_key": 0,
          "schema_version": 0,
          "attributes": {
            "alias_ips": [],
            "id": "9039322-979625",
            "ip": "10.0.1.2",
            "mac_address": "86:00:00:88:3d:3b",
            "network_id": 979625,
            "server_id": 9039322,
            "subnet_id": null
          },
          "private": "bnVsbA==",
          "dependencies": [
            "hcloud_network_subnet.mysubnet",
            "hcloud_server.node_web"
          ]
        }
      ]
    },
    {
      "mode": "managed",
      "type": "local_file",
      "name": "database_ips",
      "provider": "provider[\"registry.terraform.io/hashicorp/local\"]",
      "instances": [
        {
          "schema_version": 0,
          "attributes": {
            "content": "116.203.152.222",
            "content_base64": null,
            "directory_permission": "0777",
            "file_permission": "0777",
            "filename": "./database_ips.txt",
            "id": "3578c375dd93c37c68dc113524b22640a10f8892",
            "sensitive_content": null,
            "source": null
          },
          "private": "bnVsbA==",
          "dependencies": [
            "hcloud_server.database_web"
          ]
        }
      ]
    },
    {
      "mode": "managed",
      "type": "local_file",
      "name": "database_privateips",
      "provider": "provider[\"registry.terraform.io/hashicorp/local\"]",
      "instances": [
        {
          "schema_version": 0,
          "attributes": {
            "content": "10.0.1.1",
            "content_base64": null,
            "directory_permission": "0777",
            "file_permission": "0777",
            "filename": "./database_privateips.txt",
            "id": "5fd399c0cff1fe99157a80eb0ac92c0e6f7603f7",
            "sensitive_content": null,
            "source": null
          },
          "private": "bnVsbA==",
          "dependencies": [
            "hcloud_server_network.dbservernetwork"
          ]
        }
      ]
    },
    {
      "mode": "managed",
      "type": "local_file",
      "name": "node_ips",
      "provider": "provider[\"registry.terraform.io/hashicorp/local\"]",
      "instances": [
        {
          "schema_version": 0,
          "attributes": {
            "content": "94.130.182.2",
            "content_base64": null,
            "directory_permission": "0777",
            "file_permission": "0777",
            "filename": "./node_ips.txt",
            "id": "50aa31e2dcc8ff57679899624e61a3e75ce2b1be",
            "sensitive_content": null,
            "source": null
          },
          "private": "bnVsbA==",
          "dependencies": [
            "data.hcloud_ssh_key.ssh_key",
            "hcloud_server.node_web"
          ]
        }
      ]
    },
    {
      "mode": "managed",
      "type": "local_file",
      "name": "node_privateips",
      "provider": "provider[\"registry.terraform.io/hashicorp/local\"]",
      "instances": [
        {
          "schema_version": 0,
          "attributes": {
            "content": "10.0.1.2",
            "content_base64": null,
            "directory_permission": "0777",
            "file_permission": "0777",
            "filename": "./node_privateips.txt",
            "id": "645bef1b85845c6ae03a5efa0da14ccccaec1bdf",
            "sensitive_content": null,
            "source": null
          },
          "private": "bnVsbA==",
          "dependencies": [
            "hcloud_server_network.nodeservernetwork"
          ]
        }
      ]
    }
  ]
}
